
Microsoft Visual Studio Solution File, Format Version 12.00
# Visual Studio 2012
Project("{FAE04EC0-301F-11D3-BF4B-00C04F79EFBC}") = "XBNews", "XBNews\XBNews.csproj", "{DA509D8A-C14F-45B7-BDD1-BB0C8019ED49}"
EndProject
Project("{FAE04EC0-301F-11D3-BF4B-00C04F79EFBC}") = "WinHtmlEditor", "..\WinHtmlEditor\WinHtmlEditor.csproj", "{1D1EF0A4-1D49-4D42-9295-E3B28359389A}"
EndProject
Project("{FAE04EC0-301F-11D3-BF4B-00C04F79EFBC}") = "ClassLibrary", "ClassLibrary\ClassLibrary.csproj", "{3007AC62-EDC2-4D7E-BE74-A34D02A04764}"
EndProject
Project("{6141683F-8A12-4E36-9623-2EB02B2C2303}") = "Setup1", "Setup1\Setup1.isproj", "{9F0F5671-1775-49CB-93C6-F9A9E401B621}"
	ProjectSection(ProjectDependencies) = postProject
		{3007AC62-EDC2-4D7E-BE74-A34D02A04764} = {3007AC62-EDC2-4D7E-BE74-A34D02A04764}
		{DA509D8A-C14F-45B7-BDD1-BB0C8019ED49} = {DA509D8A-C14F-45B7-BDD1-BB0C8019ED49}
		{1D1EF0A4-1D49-4D42-9295-E3B28359389A} = {1D1EF0A4-1D49-4D42-9295-E3B28359389A}
	EndProjectSection
EndProject
Global
	GlobalSection(SolutionConfigurationPlatforms) = preSolution
		CD_ROM|Any CPU = CD_ROM|Any CPU
		Debug_VS2010|Any CPU = Debug_VS2010|Any CPU
		Debug|Any CPU = Debug|Any CPU
		DVD-5|Any CPU = DVD-5|Any CPU
		Release_VS2010|Any CPU = Release_VS2010|Any CPU
		Release|Any CPU = Release|Any CPU
		SingleImage|Any CPU = SingleImage|Any CPU
	EndGlobalSection
	GlobalSection(ProjectConfigurationPlatforms) = postSolution
		{DA509D8A-C14F-45B7-BDD1-BB0C8019ED49}.CD_ROM|Any CPU.ActiveCfg = Release|Any CPU
		{DA509D8A-C14F-45B7-BDD1-BB0C8019ED49}.CD_ROM|Any CPU.Build.0 = Release|Any CPU
		{DA509D8A-C14F-45B7-BDD1-BB0C8019ED49}.Debug_VS2010|Any CPU.ActiveCfg = Debug|Any CPU
		{DA509D8A-C14F-45B7-BDD1-BB0C8019ED49}.Debug_VS2010|Any CPU.Build.0 = Debug|Any CPU
		{DA509D8A-C14F-45B7-BDD1-BB0C8019ED49}.Debug|Any CPU.ActiveCfg = Debug|Any CPU
		{DA509D8A-C14F-45B7-BDD1-BB0C8019ED49}.Debug|Any CPU.Build.0 = Debug|Any CPU
		{DA509D8A-C14F-45B7-BDD1-BB0C8019ED49}.DVD-5|Any CPU.ActiveCfg = Debug|Any CPU
		{DA509D8A-C14F-45B7-BDD1-BB0C8019ED49}.DVD-5|Any CPU.Build.0 = Debug|Any CPU
		{DA509D8A-C14F-45B7-BDD1-BB0C8019ED49}.Release_VS2010|Any CPU.ActiveCfg = Release|Any CPU
		{DA509D8A-C14F-45B7-BDD1-BB0C8019ED49}.Release_VS2010|Any CPU.Build.0 = Release|Any CPU
		{DA509D8A-C14F-45B7-BDD1-BB0C8019ED49}.Release|Any CPU.ActiveCfg = Release|Any CPU
		{DA509D8A-C14F-45B7-BDD1-BB0C8019ED49}.Release|Any CPU.Build.0 = Release|Any CPU
		{DA509D8A-C14F-45B7-BDD1-BB0C8019ED49}.SingleImage|Any CPU.ActiveCfg = Release|Any CPU
		{DA509D8A-C14F-45B7-BDD1-BB0C8019ED49}.SingleImage|Any CPU.Build.0 = Release|Any CPU
		{1D1EF0A4-1D49-4D42-9295-E3B28359389A}.CD_ROM|Any CPU.ActiveCfg = Release|Any CPU
		{1D1EF0A4-1D49-4D42-9295-E3B28359389A}.CD_ROM|Any CPU.Build.0 = Release|Any CPU
		{1D1EF0A4-1D49-4D42-9295-E3B28359389A}.Debug_VS2010|Any CPU.ActiveCfg = Debug_VS2010|Any CPU
		{1D1EF0A4-1D49-4D42-9295-E3B28359389A}.Debug_VS2010|Any CPU.Build.0 = Debug_VS2010|Any CPU
		{1D1EF0A4-1D49-4D42-9295-E3B28359389A}.Debug|Any CPU.ActiveCfg = Debug|Any CPU
		{1D1EF0A4-1D49-4D42-9295-E3B28359389A}.Debug|Any CPU.Build.0 = Debug|Any CPU
		{1D1EF0A4-1D49-4D42-9295-E3B28359389A}.DVD-5|Any CPU.ActiveCfg = Debug|Any CPU
		{1D1EF0A4-1D49-4D42-9295-E3B28359389A}.DVD-5|Any CPU.Build.0 = Debug|Any CPU
		{1D1EF0A4-1D49-4D42-9295-E3B28359389A}.Release_VS2010|Any CPU.ActiveCfg = Release_VS2010|Any CPU
		{1D1EF0A4-1D49-4D42-9295-E3B28359389A}.Release_VS2010|Any CPU.Build.0 = Release_VS2010|Any CPU
		{1D1EF0A4-1D49-4D42-9295-E3B28359389A}.Release|Any CPU.ActiveCfg = Release|Any CPU
		{1D1EF0A4-1D49-4D42-9295-E3B28359389A}.Release|Any CPU.Build.0 = Release|Any CPU
		{1D1EF0A4-1D49-4D42-9295-E3B28359389A}.SingleImage|Any CPU.ActiveCfg = Release|Any CPU
		{1D1EF0A4-1D49-4D42-9295-E3B28359389A}.SingleImage|Any CPU.Build.0 = Release|Any CPU
		{3007AC62-EDC2-4D7E-BE74-A34D02A04764}.CD_ROM|Any CPU.ActiveCfg = Release|Any CPU
		{3007AC62-EDC2-4D7E-BE74-A34D02A04764}.CD_ROM|Any CPU.Build.0 = Release|Any CPU
		{3007AC62-EDC2-4D7E-BE74-A34D02A04764}.Debug_VS2010|Any CPU.ActiveCfg = Debug|Any CPU
		{3007AC62-EDC2-4D7E-BE74-A34D02A04764}.Debug_VS2010|Any CPU.Build.0 = Debug|Any CPU
		{3007AC62-EDC2-4D7E-BE74-A34D02A04764}.Debug|Any CPU.ActiveCfg = Debug|Any CPU
		{3007AC62-EDC2-4D7E-BE74-A34D02A04764}.Debug|Any CPU.Build.0 = Debug|Any CPU
		{3007AC62-EDC2-4D7E-BE74-A34D02A04764}.DVD-5|Any CPU.ActiveCfg = Debug|Any CPU
		{3007AC62-EDC2-4D7E-BE74-A34D02A04764}.DVD-5|Any CPU.Build.0 = Debug|Any CPU
		{3007AC62-EDC2-4D7E-BE74-A34D02A04764}.Release_VS2010|Any CPU.ActiveCfg = Release|Any CPU
		{3007AC62-EDC2-4D7E-BE74-A34D02A04764}.Release_VS2010|Any CPU.Build.0 = Release|Any CPU
		{3007AC62-EDC2-4D7E-BE74-A34D02A04764}.Release|Any CPU.ActiveCfg = Release|Any CPU
		{3007AC62-EDC2-4D7E-BE74-A34D02A04764}.Release|Any CPU.Build.0 = Release|Any CPU
		{3007AC62-EDC2-4D7E-BE74-A34D02A04764}.SingleImage|Any CPU.ActiveCfg = Release|Any CPU
		{3007AC62-EDC2-4D7E-BE74-A34D02A04764}.SingleImage|Any CPU.Build.0 = Release|Any CPU
		{9F0F5671-1775-49CB-93C6-F9A9E401B621}.CD_ROM|Any CPU.ActiveCfg = CD_ROM
		{9F0F5671-1775-49CB-93C6-F9A9E401B621}.CD_ROM|Any CPU.Build.0 = CD_ROM
		{9F0F5671-1775-49CB-93C6-F9A9E401B621}.Debug_VS2010|Any CPU.ActiveCfg = DVD-5
		{9F0F5671-1775-49CB-93C6-F9A9E401B621}.Debug_VS2010|Any CPU.Build.0 = DVD-5
		{9F0F5671-1775-49CB-93C6-F9A9E401B621}.Debug|Any CPU.ActiveCfg = SingleImage
		{9F0F5671-1775-49CB-93C6-F9A9E401B621}.Debug|Any CPU.Build.0 = SingleImage
		{9F0F5671-1775-49CB-93C6-F9A9E401B621}.DVD-5|Any CPU.ActiveCfg = DVD-5
		{9F0F5671-1775-49CB-93C6-F9A9E401B621}.DVD-5|Any CPU.Build.0 = DVD-5
		{9F0F5671-1775-49CB-93C6-F9A9E401B621}.Release_VS2010|Any CPU.ActiveCfg = SingleImage
		{9F0F5671-1775-49CB-93C6-F9A9E401B621}.Release_VS2010|Any CPU.Build.0 = SingleImage
		{9F0F5671-1775-49CB-93C6-F9A9E401B621}.Release|Any CPU.ActiveCfg = SingleImage
		{9F0F5671-1775-49CB-93C6-F9A9E401B621}.Release|Any CPU.Build.0 = SingleImage
		{9F0F5671-1775-49CB-93C6-F9A9E401B621}.SingleImage|Any CPU.ActiveCfg = SingleImage
		{9F0F5671-1775-49CB-93C6-F9A9E401B621}.SingleImage|Any CPU.Build.0 = SingleImage
	EndGlobalSection
	GlobalSection(SolutionProperties) = preSolution
		HideSolutionNode = FALSE
	EndGlobalSection
EndGlobal
